// !$*UTF8*$!
{
	archiveVersion = 1;
	classes = {
	};
	objectVersion = 56;
	objects = {

/* Begin PBXBuildFile section */
		7EDD463E2A0FCB5D006FFDFD /* PokedexApp.swift in Sources */ = {isa = PBXBuildFile; fileRef = 7EDD463D2A0FCB5D006FFDFD /* PokedexApp.swift */; };
		7EDD46402A0FCB5D006FFDFD /* ContentView.swift in Sources */ = {isa = PBXBuildFile; fileRef = 7EDD463F2A0FCB5D006FFDFD /* ContentView.swift */; };
		7EDD46422A0FCB5E006FFDFD /* Assets.xcassets in Resources */ = {isa = PBXBuildFile; fileRef = 7EDD46412A0FCB5E006FFDFD /* Assets.xcassets */; };
		7EDD46452A0FCB5E006FFDFD /* Preview Assets.xcassets in Resources */ = {isa = PBXBuildFile; fileRef = 7EDD46442A0FCB5E006FFDFD /* Preview Assets.xcassets */; };
		7EDD464F2A0FCB5E006FFDFD /* PokedexTests.swift in Sources */ = {isa = PBXBuildFile; fileRef = 7EDD464E2A0FCB5E006FFDFD /* PokedexTests.swift */; };
		7EDD46592A0FCB5E006FFDFD /* PokedexUITests.swift in Sources */ = {isa = PBXBuildFile; fileRef = 7EDD46582A0FCB5E006FFDFD /* PokedexUITests.swift */; };
		7EDD465B2A0FCB5E006FFDFD /* PokedexUITestsLaunchTests.swift in Sources */ = {isa = PBXBuildFile; fileRef = 7EDD465A2A0FCB5E006FFDFD /* PokedexUITestsLaunchTests.swift */; };
		7EDD46692A0FCC61006FFDFD /* ComposableArchitecture in Frameworks */ = {isa = PBXBuildFile; productRef = 7EDD46682A0FCC61006FFDFD /* ComposableArchitecture */; };
		7EDD466C2A0FD11D006FFDFD /* SplashScreen.swift in Sources */ = {isa = PBXBuildFile; fileRef = 7EDD466B2A0FD11D006FFDFD /* SplashScreen.swift */; };
/* End PBXBuildFile section */

/* Begin PBXContainerItemProxy section */
		7EDD464B2A0FCB5E006FFDFD /* PBXContainerItemProxy */ = {
			isa = PBXContainerItemProxy;
			containerPortal = 7EDD46322A0FCB5D006FFDFD /* Project object */;
			proxyType = 1;
			remoteGlobalIDString = 7EDD46392A0FCB5D006FFDFD;
			remoteInfo = Pokedex;
		};
		7EDD46552A0FCB5E006FFDFD /* PBXContainerItemProxy */ = {
			isa = PBXContainerItemProxy;
			containerPortal = 7EDD46322A0FCB5D006FFDFD /* Project object */;
			proxyType = 1;
			remoteGlobalIDString = 7EDD46392A0FCB5D006FFDFD;
			remoteInfo = Pokedex;
		};
/* End PBXContainerItemProxy section */

/* Begin PBXFileReference section */
		7EDD463A2A0FCB5D006FFDFD /* Pokedex.app */ = {isa = PBXFileReference; explicitFileType = wrapper.application; includeInIndex = 0; path = Pokedex.app; sourceTree = BUILT_PRODUCTS_DIR; };
		7EDD463D2A0FCB5D006FFDFD /* PokedexApp.swift */ = {isa = PBXFileReference; lastKnownFileType = sourcecode.swift; path = PokedexApp.swift; sourceTree = "<group>"; };
		7EDD463F2A0FCB5D006FFDFD /* ContentView.swift */ = {isa = PBXFileReference; lastKnownFileType = sourcecode.swift; path = ContentView.swift; sourceTree = "<group>"; };
		7EDD46412A0FCB5E006FFDFD /* Assets.xcassets */ = {isa = PBXFileReference; lastKnownFileType = folder.assetcatalog; path = Assets.xcassets; sourceTree = "<group>"; };
		7EDD46442A0FCB5E006FFDFD /* Preview Assets.xcassets */ = {isa = PBXFileReference; lastKnownFileType = folder.assetcatalog; path = "Preview Assets.xcassets"; sourceTree = "<group>"; };
		7EDD464A2A0FCB5E006FFDFD /* PokedexTests.xctest */ = {isa = PBXFileReference; explicitFileType = wrapper.cfbundle; includeInIndex = 0; path = PokedexTests.xctest; sourceTree = BUILT_PRODUCTS_DIR; };
		7EDD464E2A0FCB5E006FFDFD /* PokedexTests.swift */ = {isa = PBXFileReference; lastKnownFileType = sourcecode.swift; path = PokedexTests.swift; sourceTree = "<group>"; };
		7EDD46542A0FCB5E006FFDFD /* PokedexUITests.xctest */ = {isa = PBXFileReference; explicitFileType = wrapper.cfbundle; includeInIndex = 0; path = PokedexUITests.xctest; sourceTree = BUILT_PRODUCTS_DIR; };
		7EDD46582A0FCB5E006FFDFD /* PokedexUITests.swift */ = {isa = PBXFileReference; lastKnownFileType = sourcecode.swift; path = PokedexUITests.swift; sourceTree = "<group>"; };
		7EDD465A2A0FCB5E006FFDFD /* PokedexUITestsLaunchTests.swift */ = {isa = PBXFileReference; lastKnownFileType = sourcecode.swift; path = PokedexUITestsLaunchTests.swift; sourceTree = "<group>"; };
		7EDD466B2A0FD11D006FFDFD /* SplashScreen.swift */ = {isa = PBXFileReference; lastKnownFileType = sourcecode.swift; path = SplashScreen.swift; sourceTree = "<group>"; };
/* End PBXFileReference section */

/* Begin PBXFrameworksBuildPhase section */
		7EDD46372A0FCB5D006FFDFD /* Frameworks */ = {
			isa = PBXFrameworksBuildPhase;
			buildActionMask = 2147483647;
			files = (
				7EDD46692A0FCC61006FFDFD /* ComposableArchitecture in Frameworks */,
			);
			runOnlyForDeploymentPostprocessing = 0;
		};
		7EDD46472A0FCB5E006FFDFD /* Frameworks */ = {
			isa = PBXFrameworksBuildPhase;
			buildActionMask = 2147483647;
			files = (
			);
			runOnlyForDeploymentPostprocessing = 0;
		};
		7EDD46512A0FCB5E006FFDFD /* Frameworks */ = {
			isa = PBXFrameworksBuildPhase;
			buildActionMask = 2147483647;
			files = (
			);
			runOnlyForDeploymentPostprocessing = 0;
		};
/* End PBXFrameworksBuildPhase section */

/* Begin PBXGroup section */
		7EDD46312A0FCB5D006FFDFD = {
			isa = PBXGroup;
			children = (
				7EDD463C2A0FCB5D006FFDFD /* Pokedex */,
				7EDD464D2A0FCB5E006FFDFD /* PokedexTests */,
				7EDD46572A0FCB5E006FFDFD /* PokedexUITests */,
				7EDD463B2A0FCB5D006FFDFD /* Products */,
			);
			sourceTree = "<group>";
		};
		7EDD463B2A0FCB5D006FFDFD /* Products */ = {
			isa = PBXGroup;
			children = (
				7EDD463A2A0FCB5D006FFDFD /* Pokedex.app */,
				7EDD464A2A0FCB5E006FFDFD /* PokedexTests.xctest */,
				7EDD46542A0FCB5E006FFDFD /* PokedexUITests.xctest */,
			);
			name = Products;
			sourceTree = "<group>";
		};
		7EDD463C2A0FCB5D006FFDFD /* Pokedex */ = {
			isa = PBXGroup;
			children = (
				7EDD466A2A0FD111006FFDFD /* Splash */,
				7EDD463D2A0FCB5D006FFDFD /* PokedexApp.swift */,
				7EDD463F2A0FCB5D006FFDFD /* ContentView.swift */,
				7EDD46412A0FCB5E006FFDFD /* Assets.xcassets */,
				7EDD46432A0FCB5E006FFDFD /* Preview Content */,
			);
			path = Pokedex;
			sourceTree = "<group>";
		};
		7EDD46432A0FCB5E006FFDFD /* Preview Content */ = {
			isa = PBXGroup;
			children = (
				7EDD46442A0FCB5E006FFDFD /* Preview Assets.xcassets */,
			);
			path = "Preview Content";
			sourceTree = "<group>";
		};
		7EDD464D2A0FCB5E006FFDFD /* PokedexTests */ = {
			isa = PBXGroup;
			children = (
				7EDD464E2A0FCB5E006FFDFD /* PokedexTests.swift */,
			);
			path = PokedexTests;
			sourceTree = "<group>";
		};
		7EDD46572A0FCB5E006FFDFD /* PokedexUITests */ = {
			isa = PBXGroup;
			children = (
				7EDD46582A0FCB5E006FFDFD /* PokedexUITests.swift */,
				7EDD465A2A0FCB5E006FFDFD /* PokedexUITestsLaunchTests.swift */,
			);
			path = PokedexUITests;
			sourceTree = "<group>";
		};
		7EDD466A2A0FD111006FFDFD /* Splash */ = {
			isa = PBXGroup;
			children = (
				7EDD466B2A0FD11D006FFDFD /* SplashScreen.swift */,
			);
			path = Splash;
			sourceTree = "<group>";
		};
/* End PBXGroup section */

/* Begin PBXNativeTarget section */
		7EDD46392A0FCB5D006FFDFD /* Pokedex */ = {
			isa = PBXNativeTarget;
			buildConfigurationList = 7EDD465E2A0FCB5E006FFDFD /* Build configuration list for PBXNativeTarget "Pokedex" */;
			buildPhases = (
				7EDD46362A0FCB5D006FFDFD /* Sources */,
				7EDD46372A0FCB5D006FFDFD /* Frameworks */,
				7EDD46382A0FCB5D006FFDFD /* Resources */,
			);
			buildRules = (
			);
			dependencies = (
			);
			name = Pokedex;
			packageProductDependencies = (
				7EDD46682A0FCC61006FFDFD /* ComposableArchitecture */,
			);
			productName = Pokedex;
			productReference = 7EDD463A2A0FCB5D006FFDFD /* Pokedex.app */;
			productType = "com.apple.product-type.application";
		};
		7EDD46492A0FCB5E006FFDFD /* PokedexTests */ = {
			isa = PBXNativeTarget;
			buildConfigurationList = 7EDD46612A0FCB5E006FFDFD /* Build configuration list for PBXNativeTarget "PokedexTests" */;
			buildPhases = (
				7EDD46462A0FCB5E006FFDFD /* Sources */,
				7EDD46472A0FCB5E006FFDFD /* Frameworks */,
				7EDD46482A0FCB5E006FFDFD /* Resources */,
			);
			buildRules = (
			);
			dependencies = (
				7EDD464C2A0FCB5E006FFDFD /* PBXTargetDependency */,
			);
			name = PokedexTests;
			productName = PokedexTests;
			productReference = 7EDD464A2A0FCB5E006FFDFD /* PokedexTests.xctest */;
			productType = "com.apple.product-type.bundle.unit-test";
		};
		7EDD46532A0FCB5E006FFDFD /* PokedexUITests */ = {
			isa = PBXNativeTarget;
			buildConfigurationList = 7EDD46642A0FCB5E006FFDFD /* Build configuration list for PBXNativeTarget "PokedexUITests" */;
			buildPhases = (
				7EDD46502A0FCB5E006FFDFD /* Sources */,
				7EDD46512A0FCB5E006FFDFD /* Frameworks */,
				7EDD46522A0FCB5E006FFDFD /* Resources */,
			);
			buildRules = (
			);
			dependencies = (
				7EDD46562A0FCB5E006FFDFD /* PBXTargetDependency */,
			);
			name = PokedexUITests;
			productName = PokedexUITests;
			productReference = 7EDD46542A0FCB5E006FFDFD /* PokedexUITests.xctest */;
			productType = "com.apple.product-type.bundle.ui-testing";
		};
/* End PBXNativeTarget section */

/* Begin PBXProject section */
		7EDD46322A0FCB5D006FFDFD /* Project object */ = {
			isa = PBXProject;
			attributes = {
				BuildIndependentTargetsInParallel = 1;
				LastSwiftUpdateCheck = 1430;
				LastUpgradeCheck = 1430;
				TargetAttributes = {
					7EDD46392A0FCB5D006FFDFD = {
						CreatedOnToolsVersion = 14.3;
					};
					7EDD46492A0FCB5E006FFDFD = {
						CreatedOnToolsVersion = 14.3;
						TestTargetID = 7EDD46392A0FCB5D006FFDFD;
					};
					7EDD46532A0FCB5E006FFDFD = {
						CreatedOnToolsVersion = 14.3;
						TestTargetID = 7EDD46392A0FCB5D006FFDFD;
					};
				};
			};
			buildConfigurationList = 7EDD46352A0FCB5D006FFDFD /* Build configuration list for PBXProject "Pokedex" */;
			compatibilityVersion = "Xcode 14.0";
			developmentRegion = en;
			hasScannedForEncodings = 0;
			knownRegions = (
				en,
				Base,
			);
			mainGroup = 7EDD46312A0FCB5D006FFDFD;
			packageReferences = (
				7EDD46672A0FCC61006FFDFD /* XCRemoteSwiftPackageReference "swift-composable-architecture" */,
			);
			productRefGroup = 7EDD463B2A0FCB5D006FFDFD /* Products */;
			projectDirPath = "";
			projectRoot = "";
			targets = (
				7EDD46392A0FCB5D006FFDFD /* Pokedex */,
				7EDD46492A0FCB5E006FFDFD /* PokedexTests */,
				7EDD46532A0FCB5E006FFDFD /* PokedexUITests */,
			);
		};
/* End PBXProject section */

/* Begin PBXResourcesBuildPhase section */
		7EDD46382A0FCB5D006FFDFD /* Resources */ = {
			isa = PBXResourcesBuildPhase;
			buildActionMask = 2147483647;
			files = (
				7EDD46452A0FCB5E006FFDFD /* Preview Assets.xcassets in Resources */,
				7EDD46422A0FCB5E006FFDFD /* Assets.xcassets in Resources */,
			);
			runOnlyForDeploymentPostprocessing = 0;
		};
		7EDD46482A0FCB5E006FFDFD /* Resources */ = {
			isa = PBXResourcesBuildPhase;
			buildActionMask = 2147483647;
			files = (
			);
			runOnlyForDeploymentPostprocessing = 0;
		};
		7EDD46522A0FCB5E006FFDFD /* Resources */ = {
			isa = PBXResourcesBuildPhase;
			buildActionMask = 2147483647;
			files = (
			);
			runOnlyForDeploymentPostprocessing = 0;
		};
/* End PBXResourcesBuildPhase section */

/* Begin PBXSourcesBuildPhase section */
		7EDD46362A0FCB5D006FFDFD /* Sources */ = {
			isa = PBXSourcesBuildPhase;
			buildActionMask = 2147483647;
			files = (
				7EDD466C2A0FD11D006FFDFD /* SplashScreen.swift in Sources */,
				7EDD46402A0FCB5D006FFDFD /* ContentView.swift in Sources */,
				7EDD463E2A0FCB5D006FFDFD /* PokedexApp.swift in Sources */,
			);
			runOnlyForDeploymentPostprocessing = 0;
		};
		7EDD46462A0FCB5E006FFDFD /* Sources */ = {
			isa = PBXSourcesBuildPhase;
			buildActionMask = 2147483647;
			files = (
				7EDD464F2A0FCB5E006FFDFD /* PokedexTests.swift in Sources */,
			);
			runOnlyForDeploymentPostprocessing = 0;
		};
		7EDD46502A0FCB5E006FFDFD /* Sources */ = {
			isa = PBXSourcesBuildPhase;
			buildActionMask = 2147483647;
			files = (
				7EDD46592A0FCB5E006FFDFD /* PokedexUITests.swift in Sources */,
				7EDD465B2A0FCB5E006FFDFD /* PokedexUITestsLaunchTests.swift in Sources */,
			);
			runOnlyForDeploymentPostprocessing = 0;
		};
/* End PBXSourcesBuildPhase section */

/* Begin PBXTargetDependency section */
		7EDD464C2A0FCB5E006FFDFD /* PBXTargetDependency */ = {
			isa = PBXTargetDependency;
			target = 7EDD46392A0FCB5D006FFDFD /* Pokedex */;
			targetProxy = 7EDD464B2A0FCB5E006FFDFD /* PBXContainerItemProxy */;
		};
		7EDD46562A0FCB5E006FFDFD /* PBXTargetDependency */ = {
			isa = PBXTargetDependency;
			target = 7EDD46392A0FCB5D006FFDFD /* Pokedex */;
			targetProxy = 7EDD46552A0FCB5E006FFDFD /* PBXContainerItemProxy */;
		};
/* End PBXTargetDependency section */

/* Begin XCBuildConfiguration section */
		7EDD465C2A0FCB5E006FFDFD /* Debug */ = {
			isa = XCBuildConfiguration;
			buildSettings = {
				ALWAYS_SEARCH_USER_PATHS = NO;
				CLANG_ANALYZER_NONNULL = YES;
				CLANG_ANALYZER_NUMBER_OBJECT_CONVERSION = YES_AGGRESSIVE;
				CLANG_CXX_LANGUAGE_STANDARD = "gnu++20";
				CLANG_ENABLE_MODULES = YES;
				CLANG_ENABLE_OBJC_ARC = YES;
				CLANG_ENABLE_OBJC_WEAK = YES;
				CLANG_WARN_BLOCK_CAPTURE_AUTORELEASING = YES;
				CLANG_WARN_BOOL_CONVERSION = YES;
				CLANG_WARN_COMMA = YES;
				CLANG_WARN_CONSTANT_CONVERSION = YES;
				CLANG_WARN_DEPRECATED_OBJC_IMPLEMENTATIONS = YES;
				CLANG_WARN_DIRECT_OBJC_ISA_USAGE = YES_ERROR;
				CLANG_WARN_DOCUMENTATION_COMMENTS = YES;
				CLANG_WARN_EMPTY_BODY = YES;
				CLANG_WARN_ENUM_CONVERSION = YES;
				CLANG_WARN_INFINITE_RECURSION = YES;
				CLANG_WARN_INT_CONVERSION = YES;
				CLANG_WARN_NON_LITERAL_NULL_CONVERSION = YES;
				CLANG_WARN_OBJC_IMPLICIT_RETAIN_SELF = YES;
				CLANG_WARN_OBJC_LITERAL_CONVERSION = YES;
				CLANG_WARN_OBJC_ROOT_CLASS = YES_ERROR;
				CLANG_WARN_QUOTED_INCLUDE_IN_FRAMEWORK_HEADER = YES;
				CLANG_WARN_RANGE_LOOP_ANALYSIS = YES;
				CLANG_WARN_STRICT_PROTOTYPES = YES;
				CLANG_WARN_SUSPICIOUS_MOVE = YES;
				CLANG_WARN_UNGUARDED_AVAILABILITY = YES_AGGRESSIVE;
				CLANG_WARN_UNREACHABLE_CODE = YES;
				CLANG_WARN__DUPLICATE_METHOD_MATCH = YES;
				COPY_PHASE_STRIP = NO;
				DEBUG_INFORMATION_FORMAT = dwarf;
				ENABLE_STRICT_OBJC_MSGSEND = YES;
				ENABLE_TESTABILITY = YES;
				GCC_C_LANGUAGE_STANDARD = gnu11;
				GCC_DYNAMIC_NO_PIC = NO;
				GCC_NO_COMMON_BLOCKS = YES;
				GCC_OPTIMIZATION_LEVEL = 0;
				GCC_PREPROCESSOR_DEFINITIONS = (
					"DEBUG=1",
					"$(inherited)",
				);
				GCC_WARN_64_TO_32_BIT_CONVERSION = YES;
				GCC_WARN_ABOUT_RETURN_TYPE = YES_ERROR;
				GCC_WARN_UNDECLARED_SELECTOR = YES;
				GCC_WARN_UNINITIALIZED_AUTOS = YES_AGGRESSIVE;
				GCC_WARN_UNUSED_FUNCTION = YES;
				GCC_WARN_UNUSED_VARIABLE = YES;
				IPHONEOS_DEPLOYMENT_TARGET = 16.4;
				MTL_ENABLE_DEBUG_INFO = INCLUDE_SOURCE;
				MTL_FAST_MATH = YES;
				ONLY_ACTIVE_ARCH = YES;
				SDKROOT = iphoneos;
				SWIFT_ACTIVE_COMPILATION_CONDITIONS = DEBUG;
				SWIFT_OPTIMIZATION_LEVEL = "-Onone";
			};
			name = Debug;
		};
		7EDD465D2A0FCB5E006FFDFD /* Release */ = {
			isa = XCBuildConfiguration;
			buildSettings = {
				ALWAYS_SEARCH_USER_PATHS = NO;
				CLANG_ANALYZER_NONNULL = YES;
				CLANG_ANALYZER_NUMBER_OBJECT_CONVERSION = YES_AGGRESSIVE;
				CLANG_CXX_LANGUAGE_STANDARD = "gnu++20";
				CLANG_ENABLE_MODULES = YES;
				CLANG_ENABLE_OBJC_ARC = YES;
				CLANG_ENABLE_OBJC_WEAK = YES;
				CLANG_WARN_BLOCK_CAPTURE_AUTORELEASING = YES;
				CLANG_WARN_BOOL_CONVERSION = YES;
				CLANG_WARN_COMMA = YES;
				CLANG_WARN_CONSTANT_CONVERSION = YES;
				CLANG_WARN_DEPRECATED_OBJC_IMPLEMENTATIONS = YES;
				CLANG_WARN_DIRECT_OBJC_ISA_USAGE = YES_ERROR;
				CLANG_WARN_DOCUMENTATION_COMMENTS = YES;
				CLANG_WARN_EMPTY_BODY = YES;
				CLANG_WARN_ENUM_CONVERSION = YES;
				CLANG_WARN_INFINITE_RECURSION = YES;
				CLANG_WARN_INT_CONVERSION = YES;
				CLANG_WARN_NON_LITERAL_NULL_CONVERSION = YES;
				CLANG_WARN_OBJC_IMPLICIT_RETAIN_SELF = YES;
				CLANG_WARN_OBJC_LITERAL_CONVERSION = YES;
				CLANG_WARN_OBJC_ROOT_CLASS = YES_ERROR;
				CLANG_WARN_QUOTED_INCLUDE_IN_FRAMEWORK_HEADER = YES;
				CLANG_WARN_RANGE_LOOP_ANALYSIS = YES;
				CLANG_WARN_STRICT_PROTOTYPES = YES;
				CLANG_WARN_SUSPICIOUS_MOVE = YES;
				CLANG_WARN_UNGUARDED_AVAILABILITY = YES_AGGRESSIVE;
				CLANG_WARN_UNREACHABLE_CODE = YES;
				CLANG_WARN__DUPLICATE_METHOD_MATCH = YES;
				COPY_PHASE_STRIP = NO;
				DEBUG_INFORMATION_FORMAT = "dwarf-with-dsym";
				ENABLE_NS_ASSERTIONS = NO;
				ENABLE_STRICT_OBJC_MSGSEND = YES;
				GCC_C_LANGUAGE_STANDARD = gnu11;
				GCC_NO_COMMON_BLOCKS = YES;
				GCC_WARN_64_TO_32_BIT_CONVERSION = YES;
				GCC_WARN_ABOUT_RETURN_TYPE = YES_ERROR;
				GCC_WARN_UNDECLARED_SELECTOR = YES;
				GCC_WARN_UNINITIALIZED_AUTOS = YES_AGGRESSIVE;
				GCC_WARN_UNUSED_FUNCTION = YES;
				GCC_WARN_UNUSED_VARIABLE = YES;
				IPHONEOS_DEPLOYMENT_TARGET = 16.4;
				MTL_ENABLE_DEBUG_INFO = NO;
				MTL_FAST_MATH = YES;
				SDKROOT = iphoneos;
				SWIFT_COMPILATION_MODE = wholemodule;
				SWIFT_OPTIMIZATION_LEVEL = "-O";
				VALIDATE_PRODUCT = YES;
			};
			name = Release;
		};
		7EDD465F2A0FCB5E006FFDFD /* Debug */ = {
			isa = XCBuildConfiguration;
			buildSettings = {
				ASSETCATALOG_COMPILER_APPICON_NAME = AppIcon;
				ASSETCATALOG_COMPILER_GLOBAL_ACCENT_COLOR_NAME = AccentColor;
				CODE_SIGN_STYLE = Automatic;
				CURRENT_PROJECT_VERSION = 1;
				DEVELOPMENT_ASSET_PATHS = "\"Pokedex/Preview Content\"";
				DEVELOPMENT_TEAM = 6HM7MTDP7L;
				ENABLE_PREVIEWS = YES;
				GENERATE_INFOPLIST_FILE = YES;
				INFOPLIST_KEY_UIApplicationSceneManifest_Generation = YES;
				INFOPLIST_KEY_UIApplicationSupportsIndirectInputEvents = YES;
				INFOPLIST_KEY_UILaunchScreen_Generation = YES;
				INFOPLIST_KEY_UISupportedInterfaceOrientations_iPad = "UIInterfaceOrientationPortrait UIInterfaceOrientationPortraitUpsideDown UIInterfaceOrientationLandscapeLeft UIInterfaceOrientationLandscapeRight";
				INFOPLIST_KEY_UISupportedInterfaceOrientations_iPhone = "UIInterfaceOrientationPortrait UIInterfaceOrientationLandscapeLeft UIInterfaceOrientationLandscapeRight";
				LD_RUNPATH_SEARCH_PATHS = (
					"$(inherited)",
					"@executable_path/Frameworks",
				);
				MARKETING_VERSION = 1.0;
				PRODUCT_BUNDLE_IDENTIFIER = mg.Pokedex;
				PRODUCT_NAME = "$(TARGET_NAME)";
				SWIFT_EMIT_LOC_STRINGS = YES;
				SWIFT_VERSION = 5.0;
				TARGETED_DEVICE_FAMILY = "1,2";
			};
			name = Debug;
		};
		7EDD46602A0FCB5E006FFDFD /* Release */ = {
			isa = XCBuildConfiguration;
			buildSettings = {
				ASSETCATALOG_COMPILER_APPICON_NAME = AppIcon;
				ASSETCATALOG_COMPILER_GLOBAL_ACCENT_COLOR_NAME = AccentColor;
				CODE_SIGN_STYLE = Automatic;
				CURRENT_PROJECT_VERSION = 1;
				DEVELOPMENT_ASSET_PATHS = "\"Pokedex/Preview Content\"";
				DEVELOPMENT_TEAM = 6HM7MTDP7L;
				ENABLE_PREVIEWS = YES;
				GENERATE_INFOPLIST_FILE = YES;
				INFOPLIST_KEY_UIApplicationSceneManifest_Generation = YES;
				INFOPLIST_KEY_UIApplicationSupportsIndirectInputEvents = YES;
				INFOPLIST_KEY_UILaunchScreen_Generation = YES;
				INFOPLIST_KEY_UISupportedInterfaceOrientations_iPad = "UIInterfaceOrientationPortrait UIInterfaceOrientationPortraitUpsideDown UIInterfaceOrientationLandscapeLeft UIInterfaceOrientationLandscapeRight";
				INFOPLIST_KEY_UISupportedInterfaceOrientations_iPhone = "UIInterfaceOrientationPortrait UIInterfaceOrientationLandscapeLeft UIInterfaceOrientationLandscapeRight";
				LD_RUNPATH_SEARCH_PATHS = (
					"$(inherited)",
					"@executable_path/Frameworks",
				);
				MARKETING_VERSION = 1.0;
				PRODUCT_BUNDLE_IDENTIFIER = mg.Pokedex;
				PRODUCT_NAME = "$(TARGET_NAME)";
				SWIFT_EMIT_LOC_STRINGS = YES;
				SWIFT_VERSION = 5.0;
				TARGETED_DEVICE_FAMILY = "1,2";
			};
			name = Release;
		};
		7EDD46622A0FCB5E006FFDFD /* Debug */ = {
			isa = XCBuildConfiguration;
			buildSettings = {
				ALWAYS_EMBED_SWIFT_STANDARD_LIBRARIES = YES;
				BUNDLE_LOADER = "$(TEST_HOST)";
				CODE_SIGN_STYLE = Automatic;
				CURRENT_PROJECT_VERSION = 1;
				DEVELOPMENT_TEAM = 6HM7MTDP7L;
				GENERATE_INFOPLIST_FILE = YES;
				IPHONEOS_DEPLOYMENT_TARGET = 16.4;
				MARKETING_VERSION = 1.0;
				PRODUCT_BUNDLE_IDENTIFIER = mg.PokedexTests;
				PRODUCT_NAME = "$(TARGET_NAME)";
				SWIFT_EMIT_LOC_STRINGS = NO;
				SWIFT_VERSION = 5.0;
				TARGETED_DEVICE_FAMILY = "1,2";
				TEST_HOST = "$(BUILT_PRODUCTS_DIR)/Pokedex.app/$(BUNDLE_EXECUTABLE_FOLDER_PATH)/Pokedex";
			};
			name = Debug;
		};
		7EDD46632A0FCB5E006FFDFD /* Release */ = {
			isa = XCBuildConfiguration;
			buildSettings = {
				ALWAYS_EMBED_SWIFT_STANDARD_LIBRARIES = YES;
				BUNDLE_LOADER = "$(TEST_HOST)";
				CODE_SIGN_STYLE = Automatic;
				CURRENT_PROJECT_VERSION = 1;
				DEVELOPMENT_TEAM = 6HM7MTDP7L;
				GENERATE_INFOPLIST_FILE = YES;
				IPHONEOS_DEPLOYMENT_TARGET = 16.4;
				MARKETING_VERSION = 1.0;
				PRODUCT_BUNDLE_IDENTIFIER = mg.PokedexTests;
				PRODUCT_NAME = "$(TARGET_NAME)";
				SWIFT_EMIT_LOC_STRINGS = NO;
				SWIFT_VERSION = 5.0;
				TARGETED_DEVICE_FAMILY = "1,2";
				TEST_HOST = "$(BUILT_PRODUCTS_DIR)/Pokedex.app/$(BUNDLE_EXECUTABLE_FOLDER_PATH)/Pokedex";
			};
			name = Release;
		};
		7EDD46652A0FCB5E006FFDFD /* Debug */ = {
			isa = XCBuildConfiguration;
			buildSettings = {
				ALWAYS_EMBED_SWIFT_STANDARD_LIBRARIES = YES;
				CODE_SIGN_STYLE = Automatic;
				CURRENT_PROJECT_VERSION = 1;
				DEVELOPMENT_TEAM = 6HM7MTDP7L;
				GENERATE_INFOPLIST_FILE = YES;
				MARKETING_VERSION = 1.0;
				PRODUCT_BUNDLE_IDENTIFIER = mg.PokedexUITests;
				PRODUCT_NAME = "$(TARGET_NAME)";
				SWIFT_EMIT_LOC_STRINGS = NO;
				SWIFT_VERSION = 5.0;
				TARGETED_DEVICE_FAMILY = "1,2";
				TEST_TARGET_NAME = Pokedex;
			};
			name = Debug;
		};
		7EDD46662A0FCB5E006FFDFD /* Release */ = {
			isa = XCBuildConfiguration;
			buildSettings = {
				ALWAYS_EMBED_SWIFT_STANDARD_LIBRARIES = YES;
				CODE_SIGN_STYLE = Automatic;
				CURRENT_PROJECT_VERSION = 1;
				DEVELOPMENT_TEAM = 6HM7MTDP7L;
				GENERATE_INFOPLIST_FILE = YES;
				MARKETING_VERSION = 1.0;
				PRODUCT_BUNDLE_IDENTIFIER = mg.PokedexUITests;
				PRODUCT_NAME = "$(TARGET_NAME)";
				SWIFT_EMIT_LOC_STRINGS = NO;
				SWIFT_VERSION = 5.0;
				TARGETED_DEVICE_FAMILY = "1,2";
				TEST_TARGET_NAME = Pokedex;
			};
			name = Release;
		};
/* End XCBuildConfiguration section */

/* Begin XCConfigurationList section */
		7EDD46352A0FCB5D006FFDFD /* Build configuration list for PBXProject "Pokedex" */ = {
			isa = XCConfigurationList;
			buildConfigurations = (
				7EDD465C2A0FCB5E006FFDFD /* Debug */,
				7EDD465D2A0FCB5E006FFDFD /* Release */,
			);
			defaultConfigurationIsVisible = 0;
			defaultConfigurationName = Release;
		};
		7EDD465E2A0FCB5E006FFDFD /* Build configuration list for PBXNativeTarget "Pokedex" */ = {
			isa = XCConfigurationList;
			buildConfigurations = (
				7EDD465F2A0FCB5E006FFDFD /* Debug */,
				7EDD46602A0FCB5E006FFDFD /* Release */,
			);
			defaultConfigurationIsVisible = 0;
			defaultConfigurationName = Release;
		};
		7EDD46612A0FCB5E006FFDFD /* Build configuration list for PBXNativeTarget "PokedexTests" */ = {
			isa = XCConfigurationList;
			buildConfigurations = (
				7EDD46622A0FCB5E006FFDFD /* Debug */,
				7EDD46632A0FCB5E006FFDFD /* Release */,
			);
			defaultConfigurationIsVisible = 0;
			defaultConfigurationName = Release;
		};
		7EDD46642A0FCB5E006FFDFD /* Build configuration list for PBXNativeTarget "PokedexUITests" */ = {
			isa = XCConfigurationList;
			buildConfigurations = (
				7EDD46652A0FCB5E006FFDFD /* Debug */,
				7EDD46662A0FCB5E006FFDFD /* Release */,
			);
			defaultConfigurationIsVisible = 0;
			defaultConfigurationName = Release;
		};
/* End XCConfigurationList section */

/* Begin XCRemoteSwiftPackageReference section */
		7EDD46672A0FCC61006FFDFD /* XCRemoteSwiftPackageReference "swift-composable-architecture" */ = {
			isa = XCRemoteSwiftPackageReference;
			repositoryURL = "https://github.com/pointfreeco/swift-composable-architecture";
			requirement = {
				kind = upToNextMajorVersion;
				minimumVersion = 0.53.0;
			};
		};
/* End XCRemoteSwiftPackageReference section */

/* Begin XCSwiftPackageProductDependency section */
		7EDD46682A0FCC61006FFDFD /* ComposableArchitecture */ = {
			isa = XCSwiftPackageProductDependency;
			package = 7EDD46672A0FCC61006FFDFD /* XCRemoteSwiftPackageReference "swift-composable-architecture" */;
			productName = ComposableArchitecture;
		};
/* End XCSwiftPackageProductDependency section */
	};
	rootObject = 7EDD46322A0FCB5D006FFDFD /* Project object */;
}
